
Microsoft Visual Studio Solution File, Format Version 12.00
Project("{FAE04EC0-301F-11D3-BF4B-00C04F79EFBC}") = "UchiRu.BotForQuests.Service", "src\UchiRu.BotForQuests.Service\UchiRu.BotForQuests.Service.csproj", "{F76FFF50-5D78-476F-9FCE-BDCB82470B39}"
EndProject
Global
	GlobalSection(SolutionConfigurationPlatforms) = preSolution
		Debug|Any CPU = Debug|Any CPU
		Release|Any CPU = Release|Any CPU
	EndGlobalSection
	GlobalSection(ProjectConfigurationPlatforms) = postSolution
		{F76FFF50-5D78-476F-9FCE-BDCB82470B39}.Debug|Any CPU.ActiveCfg = Debug|Any CPU
		{F76FFF50-5D78-476F-9FCE-BDCB82470B39}.Debug|Any CPU.Build.0 = Debug|Any CPU
		{F76FFF50-5D78-476F-9FCE-BDCB82470B39}.Release|Any CPU.ActiveCfg = Release|Any CPU
		{F76FFF50-5D78-476F-9FCE-BDCB82470B39}.Release|Any CPU.Build.0 = Release|Any CPU
	EndGlobalSection
EndGlobal
